
Microsoft Visual Studio Solution File, Format Version 12.00
# Visual Studio 15
VisualStudioVersion = 15.0.28010.2016
MinimumVisualStudioVersion = 10.0.40219.1
Project("{FAE04EC0-301F-11D3-BF4B-00C04F79EFBC}") = "CS481WebApp", "CS481WebApp\CS481WebApp.csproj", "{4AB2C7BF-F3EB-4708-862E-EDAD88B0EB37}"
EndProject
Global
	GlobalSection(SolutionConfigurationPlatforms) = preSolution
		Debug|Any CPU = Debug|Any CPU
		Release|Any CPU = Release|Any CPU
	EndGlobalSection
	GlobalSection(ProjectConfigurationPlatforms) = postSolution
		{4AB2C7BF-F3EB-4708-862E-EDAD88B0EB37}.Debug|Any CPU.ActiveCfg = Debug|Any CPU
		{4AB2C7BF-F3EB-4708-862E-EDAD88B0EB37}.Debug|Any CPU.Build.0 = Debug|Any CPU
		{4AB2C7BF-F3EB-4708-862E-EDAD88B0EB37}.Release|Any CPU.ActiveCfg = Release|Any CPU
		{4AB2C7BF-F3EB-4708-862E-EDAD88B0EB37}.Release|Any CPU.Build.0 = Release|Any CPU
	EndGlobalSection
	GlobalSection(SolutionProperties) = preSolution
		HideSolutionNode = FALSE
	EndGlobalSection
	GlobalSection(ExtensibilityGlobals) = postSolution
		SolutionGuid = {A4D0CF98-B74D-4AD5-A20E-B59989193E64}
	EndGlobalSection
EndGlobal
